// !$*UTF8*$!
{
	archiveVersion = 1;
	classes = {
	};
	objectVersion = 56;
	objects = {

/* Begin PBXBuildFile section */
		698E13142C8021AA00D05F92 /* UXMD_CursoApp.swift in Sources */ = {isa = PBXBuildFile; fileRef = 698E13132C8021AA00D05F92 /* UXMD_CursoApp.swift */; };
		698E13162C8021AA00D05F92 /* ChatCell.swift in Sources */ = {isa = PBXBuildFile; fileRef = 698E13152C8021AA00D05F92 /* ChatCell.swift */; };
		698E13182C8021AE00D05F92 /* Assets.xcassets in Resources */ = {isa = PBXBuildFile; fileRef = 698E13172C8021AE00D05F92 /* Assets.xcassets */; };
		698E131B2C8021AE00D05F92 /* Preview Assets.xcassets in Resources */ = {isa = PBXBuildFile; fileRef = 698E131A2C8021AE00D05F92 /* Preview Assets.xcassets */; };
		698E13252C8021AF00D05F92 /* UXMD_CursoTests.swift in Sources */ = {isa = PBXBuildFile; fileRef = 698E13242C8021AF00D05F92 /* UXMD_CursoTests.swift */; };
		698E132F2C8021AF00D05F92 /* UXMD_CursoUITests.swift in Sources */ = {isa = PBXBuildFile; fileRef = 698E132E2C8021AF00D05F92 /* UXMD_CursoUITests.swift */; };
		698E13312C8021AF00D05F92 /* UXMD_CursoUITestsLaunchTests.swift in Sources */ = {isa = PBXBuildFile; fileRef = 698E13302C8021AF00D05F92 /* UXMD_CursoUITestsLaunchTests.swift */; };
		698E133E2C82C1D800D05F92 /* Chat.swift in Sources */ = {isa = PBXBuildFile; fileRef = 698E133D2C82C1D800D05F92 /* Chat.swift */; };
		698E13432C82C23700D05F92 /* chat.json in Resources */ = {isa = PBXBuildFile; fileRef = 698E13422C82C23700D05F92 /* chat.json */; };
		698E13452C82C67200D05F92 /* TabBarView.swift in Sources */ = {isa = PBXBuildFile; fileRef = 698E13442C82C67200D05F92 /* TabBarView.swift */; };
		698E13472C82C9B100D05F92 /* ChatView.swift in Sources */ = {isa = PBXBuildFile; fileRef = 698E13462C82C9B100D05F92 /* ChatView.swift */; };
		698E13492C82CE6100D05F92 /* Colors.swift in Sources */ = {isa = PBXBuildFile; fileRef = 698E13482C82CE6100D05F92 /* Colors.swift */; };
		698E134E2C836C5500D05F92 /* SettingsView.swift in Sources */ = {isa = PBXBuildFile; fileRef = 698E134D2C836C5500D05F92 /* SettingsView.swift */; };
		698E13502C8370C700D05F92 /* CheckboxLabelView.swift in Sources */ = {isa = PBXBuildFile; fileRef = 698E134F2C8370C700D05F92 /* CheckboxLabelView.swift */; };
		698E13532C83762200D05F92 /* Lottie in Frameworks */ = {isa = PBXBuildFile; productRef = 698E13522C83762200D05F92 /* Lottie */; };
		698E13562C8376CC00D05F92 /* checkbox.json in Resources */ = {isa = PBXBuildFile; fileRef = 698E13552C8376CC00D05F92 /* checkbox.json */; };
		698E13592C83984700D05F92 /* ContactsView.swift in Sources */ = {isa = PBXBuildFile; fileRef = 698E13582C83984600D05F92 /* ContactsView.swift */; };
/* End PBXBuildFile section */

/* Begin PBXContainerItemProxy section */
		698E13212C8021AF00D05F92 /* PBXContainerItemProxy */ = {
			isa = PBXContainerItemProxy;
			containerPortal = 698E13082C8021AA00D05F92 /* Project object */;
			proxyType = 1;
			remoteGlobalIDString = 698E130F2C8021AA00D05F92;
			remoteInfo = "UXMD-Curso";
		};
		698E132B2C8021AF00D05F92 /* PBXContainerItemProxy */ = {
			isa = PBXContainerItemProxy;
			containerPortal = 698E13082C8021AA00D05F92 /* Project object */;
			proxyType = 1;
			remoteGlobalIDString = 698E130F2C8021AA00D05F92;
			remoteInfo = "UXMD-Curso";
		};
/* End PBXContainerItemProxy section */

/* Begin PBXFileReference section */
		698E13102C8021AA00D05F92 /* UXMD-Curso.app */ = {isa = PBXFileReference; explicitFileType = wrapper.application; includeInIndex = 0; path = "UXMD-Curso.app"; sourceTree = BUILT_PRODUCTS_DIR; };
		698E13132C8021AA00D05F92 /* UXMD_CursoApp.swift */ = {isa = PBXFileReference; lastKnownFileType = sourcecode.swift; path = UXMD_CursoApp.swift; sourceTree = "<group>"; };
		698E13152C8021AA00D05F92 /* ChatCell.swift */ = {isa = PBXFileReference; lastKnownFileType = sourcecode.swift; path = ChatCell.swift; sourceTree = "<group>"; };
		698E13172C8021AE00D05F92 /* Assets.xcassets */ = {isa = PBXFileReference; lastKnownFileType = folder.assetcatalog; path = Assets.xcassets; sourceTree = "<group>"; };
		698E131A2C8021AE00D05F92 /* Preview Assets.xcassets */ = {isa = PBXFileReference; lastKnownFileType = folder.assetcatalog; path = "Preview Assets.xcassets"; sourceTree = "<group>"; };
		698E13202C8021AF00D05F92 /* UXMD-CursoTests.xctest */ = {isa = PBXFileReference; explicitFileType = wrapper.cfbundle; includeInIndex = 0; path = "UXMD-CursoTests.xctest"; sourceTree = BUILT_PRODUCTS_DIR; };
		698E13242C8021AF00D05F92 /* UXMD_CursoTests.swift */ = {isa = PBXFileReference; lastKnownFileType = sourcecode.swift; path = UXMD_CursoTests.swift; sourceTree = "<group>"; };
		698E132A2C8021AF00D05F92 /* UXMD-CursoUITests.xctest */ = {isa = PBXFileReference; explicitFileType = wrapper.cfbundle; includeInIndex = 0; path = "UXMD-CursoUITests.xctest"; sourceTree = BUILT_PRODUCTS_DIR; };
		698E132E2C8021AF00D05F92 /* UXMD_CursoUITests.swift */ = {isa = PBXFileReference; lastKnownFileType = sourcecode.swift; path = UXMD_CursoUITests.swift; sourceTree = "<group>"; };
		698E13302C8021AF00D05F92 /* UXMD_CursoUITestsLaunchTests.swift */ = {isa = PBXFileReference; lastKnownFileType = sourcecode.swift; path = UXMD_CursoUITestsLaunchTests.swift; sourceTree = "<group>"; };
		698E133D2C82C1D800D05F92 /* Chat.swift */ = {isa = PBXFileReference; lastKnownFileType = sourcecode.swift; path = Chat.swift; sourceTree = "<group>"; };
		698E13422C82C23700D05F92 /* chat.json */ = {isa = PBXFileReference; lastKnownFileType = text.json; path = chat.json; sourceTree = "<group>"; };
		698E13442C82C67200D05F92 /* TabBarView.swift */ = {isa = PBXFileReference; lastKnownFileType = sourcecode.swift; path = TabBarView.swift; sourceTree = "<group>"; };
		698E13462C82C9B100D05F92 /* ChatView.swift */ = {isa = PBXFileReference; lastKnownFileType = sourcecode.swift; path = ChatView.swift; sourceTree = "<group>"; };
		698E13482C82CE6100D05F92 /* Colors.swift */ = {isa = PBXFileReference; lastKnownFileType = sourcecode.swift; path = Colors.swift; sourceTree = "<group>"; };
		698E134D2C836C5500D05F92 /* SettingsView.swift */ = {isa = PBXFileReference; lastKnownFileType = sourcecode.swift; path = SettingsView.swift; sourceTree = "<group>"; };
		698E134F2C8370C700D05F92 /* CheckboxLabelView.swift */ = {isa = PBXFileReference; lastKnownFileType = sourcecode.swift; path = CheckboxLabelView.swift; sourceTree = "<group>"; };
		698E13552C8376CC00D05F92 /* checkbox.json */ = {isa = PBXFileReference; fileEncoding = 4; lastKnownFileType = text.json; path = checkbox.json; sourceTree = "<group>"; };
		698E13582C83984600D05F92 /* ContactsView.swift */ = {isa = PBXFileReference; lastKnownFileType = sourcecode.swift; path = ContactsView.swift; sourceTree = "<group>"; };
/* End PBXFileReference section */

/* Begin PBXFrameworksBuildPhase section */
		698E130D2C8021AA00D05F92 /* Frameworks */ = {
			isa = PBXFrameworksBuildPhase;
			buildActionMask = 2147483647;
			files = (
				698E13532C83762200D05F92 /* Lottie in Frameworks */,
			);
			runOnlyForDeploymentPostprocessing = 0;
		};
		698E131D2C8021AF00D05F92 /* Frameworks */ = {
			isa = PBXFrameworksBuildPhase;
			buildActionMask = 2147483647;
			files = (
			);
			runOnlyForDeploymentPostprocessing = 0;
		};
		698E13272C8021AF00D05F92 /* Frameworks */ = {
			isa = PBXFrameworksBuildPhase;
			buildActionMask = 2147483647;
			files = (
			);
			runOnlyForDeploymentPostprocessing = 0;
		};
/* End PBXFrameworksBuildPhase section */

/* Begin PBXGroup section */
		698E13072C8021AA00D05F92 = {
			isa = PBXGroup;
			children = (
				698E13122C8021AA00D05F92 /* UXMD-Curso */,
				698E13232C8021AF00D05F92 /* UXMD-CursoTests */,
				698E132D2C8021AF00D05F92 /* UXMD-CursoUITests */,
				698E13112C8021AA00D05F92 /* Products */,
			);
			sourceTree = "<group>";
		};
		698E13112C8021AA00D05F92 /* Products */ = {
			isa = PBXGroup;
			children = (
				698E13102C8021AA00D05F92 /* UXMD-Curso.app */,
				698E13202C8021AF00D05F92 /* UXMD-CursoTests.xctest */,
				698E132A2C8021AF00D05F92 /* UXMD-CursoUITests.xctest */,
			);
			name = Products;
			sourceTree = "<group>";
		};
		698E13122C8021AA00D05F92 /* UXMD-Curso */ = {
			isa = PBXGroup;
			children = (
				698E13412C82C1EB00D05F92 /* ViewModel */,
				698E13402C82C1E500D05F92 /* View */,
				698E133F2C82C1DF00D05F92 /* Model */,
				698E13542C8376B400D05F92 /* Resources */,
				698E13132C8021AA00D05F92 /* UXMD_CursoApp.swift */,
				698E13172C8021AE00D05F92 /* Assets.xcassets */,
				698E13192C8021AE00D05F92 /* Preview Content */,
			);
			path = "UXMD-Curso";
			sourceTree = "<group>";
		};
		698E13192C8021AE00D05F92 /* Preview Content */ = {
			isa = PBXGroup;
			children = (
				698E131A2C8021AE00D05F92 /* Preview Assets.xcassets */,
			);
			path = "Preview Content";
			sourceTree = "<group>";
		};
		698E13232C8021AF00D05F92 /* UXMD-CursoTests */ = {
			isa = PBXGroup;
			children = (
				698E13242C8021AF00D05F92 /* UXMD_CursoTests.swift */,
			);
			path = "UXMD-CursoTests";
			sourceTree = "<group>";
		};
		698E132D2C8021AF00D05F92 /* UXMD-CursoUITests */ = {
			isa = PBXGroup;
			children = (
				698E132E2C8021AF00D05F92 /* UXMD_CursoUITests.swift */,
				698E13302C8021AF00D05F92 /* UXMD_CursoUITestsLaunchTests.swift */,
			);
			path = "UXMD-CursoUITests";
			sourceTree = "<group>";
		};
		698E133F2C82C1DF00D05F92 /* Model */ = {
			isa = PBXGroup;
			children = (
				698E133D2C82C1D800D05F92 /* Chat.swift */,
				698E13482C82CE6100D05F92 /* Colors.swift */,
			);
			path = Model;
			sourceTree = "<group>";
		};
		698E13402C82C1E500D05F92 /* View */ = {
			isa = PBXGroup;
			children = (
				698E134B2C836BAC00D05F92 /* TabBarView */,
				698E134A2C836B9700D05F92 /* Chat */,
				698E13572C83983500D05F92 /* ContactsView */,
				698E134C2C836C4000D05F92 /* Settings */,
			);
			path = View;
			sourceTree = "<group>";
		};
		698E13412C82C1EB00D05F92 /* ViewModel */ = {
			isa = PBXGroup;
			children = (
			);
			path = ViewModel;
			sourceTree = "<group>";
		};
		698E134A2C836B9700D05F92 /* Chat */ = {
			isa = PBXGroup;
			children = (
				698E13462C82C9B100D05F92 /* ChatView.swift */,
				698E13152C8021AA00D05F92 /* ChatCell.swift */,
			);
			path = Chat;
			sourceTree = "<group>";
		};
		698E134B2C836BAC00D05F92 /* TabBarView */ = {
			isa = PBXGroup;
			children = (
				698E13442C82C67200D05F92 /* TabBarView.swift */,
			);
			path = TabBarView;
			sourceTree = "<group>";
		};
		698E134C2C836C4000D05F92 /* Settings */ = {
			isa = PBXGroup;
			children = (
				698E134D2C836C5500D05F92 /* SettingsView.swift */,
				698E134F2C8370C700D05F92 /* CheckboxLabelView.swift */,
			);
			path = Settings;
			sourceTree = "<group>";
		};
		698E13542C8376B400D05F92 /* Resources */ = {
			isa = PBXGroup;
			children = (
				698E13422C82C23700D05F92 /* chat.json */,
				698E13552C8376CC00D05F92 /* checkbox.json */,
			);
			path = Resources;
			sourceTree = "<group>";
		};
		698E13572C83983500D05F92 /* ContactsView */ = {
			isa = PBXGroup;
			children = (
				698E13582C83984600D05F92 /* ContactsView.swift */,
			);
			path = ContactsView;
			sourceTree = "<group>";
		};
/* End PBXGroup section */

/* Begin PBXNativeTarget section */
		698E130F2C8021AA00D05F92 /* UXMD-Curso */ = {
			isa = PBXNativeTarget;
			buildConfigurationList = 698E13342C8021AF00D05F92 /* Build configuration list for PBXNativeTarget "UXMD-Curso" */;
			buildPhases = (
				698E130C2C8021AA00D05F92 /* Sources */,
				698E130D2C8021AA00D05F92 /* Frameworks */,
				698E130E2C8021AA00D05F92 /* Resources */,
			);
			buildRules = (
			);
			dependencies = (
			);
			name = "UXMD-Curso";
			packageProductDependencies = (
				698E13522C83762200D05F92 /* Lottie */,
			);
			productName = "UXMD-Curso";
			productReference = 698E13102C8021AA00D05F92 /* UXMD-Curso.app */;
			productType = "com.apple.product-type.application";
		};
		698E131F2C8021AF00D05F92 /* UXMD-CursoTests */ = {
			isa = PBXNativeTarget;
			buildConfigurationList = 698E13372C8021AF00D05F92 /* Build configuration list for PBXNativeTarget "UXMD-CursoTests" */;
			buildPhases = (
				698E131C2C8021AF00D05F92 /* Sources */,
				698E131D2C8021AF00D05F92 /* Frameworks */,
				698E131E2C8021AF00D05F92 /* Resources */,
			);
			buildRules = (
			);
			dependencies = (
				698E13222C8021AF00D05F92 /* PBXTargetDependency */,
			);
			name = "UXMD-CursoTests";
			productName = "UXMD-CursoTests";
			productReference = 698E13202C8021AF00D05F92 /* UXMD-CursoTests.xctest */;
			productType = "com.apple.product-type.bundle.unit-test";
		};
		698E13292C8021AF00D05F92 /* UXMD-CursoUITests */ = {
			isa = PBXNativeTarget;
			buildConfigurationList = 698E133A2C8021AF00D05F92 /* Build configuration list for PBXNativeTarget "UXMD-CursoUITests" */;
			buildPhases = (
				698E13262C8021AF00D05F92 /* Sources */,
				698E13272C8021AF00D05F92 /* Frameworks */,
				698E13282C8021AF00D05F92 /* Resources */,
			);
			buildRules = (
			);
			dependencies = (
				698E132C2C8021AF00D05F92 /* PBXTargetDependency */,
			);
			name = "UXMD-CursoUITests";
			productName = "UXMD-CursoUITests";
			productReference = 698E132A2C8021AF00D05F92 /* UXMD-CursoUITests.xctest */;
			productType = "com.apple.product-type.bundle.ui-testing";
		};
/* End PBXNativeTarget section */

/* Begin PBXProject section */
		698E13082C8021AA00D05F92 /* Project object */ = {
			isa = PBXProject;
			attributes = {
				BuildIndependentTargetsInParallel = 1;
				LastSwiftUpdateCheck = 1540;
				LastUpgradeCheck = 1540;
				TargetAttributes = {
					698E130F2C8021AA00D05F92 = {
						CreatedOnToolsVersion = 15.4;
					};
					698E131F2C8021AF00D05F92 = {
						CreatedOnToolsVersion = 15.4;
						TestTargetID = 698E130F2C8021AA00D05F92;
					};
					698E13292C8021AF00D05F92 = {
						CreatedOnToolsVersion = 15.4;
						TestTargetID = 698E130F2C8021AA00D05F92;
					};
				};
			};
			buildConfigurationList = 698E130B2C8021AA00D05F92 /* Build configuration list for PBXProject "UXMD-Curso" */;
			compatibilityVersion = "Xcode 14.0";
			developmentRegion = en;
			hasScannedForEncodings = 0;
			knownRegions = (
				en,
				Base,
			);
			mainGroup = 698E13072C8021AA00D05F92;
			packageReferences = (
				698E13512C83762200D05F92 /* XCRemoteSwiftPackageReference "lottie-ios" */,
			);
			productRefGroup = 698E13112C8021AA00D05F92 /* Products */;
			projectDirPath = "";
			projectRoot = "";
			targets = (
				698E130F2C8021AA00D05F92 /* UXMD-Curso */,
				698E131F2C8021AF00D05F92 /* UXMD-CursoTests */,
				698E13292C8021AF00D05F92 /* UXMD-CursoUITests */,
			);
		};
/* End PBXProject section */

/* Begin PBXResourcesBuildPhase section */
		698E130E2C8021AA00D05F92 /* Resources */ = {
			isa = PBXResourcesBuildPhase;
			buildActionMask = 2147483647;
			files = (
				698E13562C8376CC00D05F92 /* checkbox.json in Resources */,
				698E13432C82C23700D05F92 /* chat.json in Resources */,
				698E131B2C8021AE00D05F92 /* Preview Assets.xcassets in Resources */,
				698E13182C8021AE00D05F92 /* Assets.xcassets in Resources */,
			);
			runOnlyForDeploymentPostprocessing = 0;
		};
		698E131E2C8021AF00D05F92 /* Resources */ = {
			isa = PBXResourcesBuildPhase;
			buildActionMask = 2147483647;
			files = (
			);
			runOnlyForDeploymentPostprocessing = 0;
		};
		698E13282C8021AF00D05F92 /* Resources */ = {
			isa = PBXResourcesBuildPhase;
			buildActionMask = 2147483647;
			files = (
			);
			runOnlyForDeploymentPostprocessing = 0;
		};
/* End PBXResourcesBuildPhase section */

/* Begin PBXSourcesBuildPhase section */
		698E130C2C8021AA00D05F92 /* Sources */ = {
			isa = PBXSourcesBuildPhase;
			buildActionMask = 2147483647;
			files = (
				698E134E2C836C5500D05F92 /* SettingsView.swift in Sources */,
				698E13162C8021AA00D05F92 /* ChatCell.swift in Sources */,
				698E13492C82CE6100D05F92 /* Colors.swift in Sources */,
				698E13452C82C67200D05F92 /* TabBarView.swift in Sources */,
				698E13502C8370C700D05F92 /* CheckboxLabelView.swift in Sources */,
				698E13472C82C9B100D05F92 /* ChatView.swift in Sources */,
				698E13592C83984700D05F92 /* ContactsView.swift in Sources */,
				698E133E2C82C1D800D05F92 /* Chat.swift in Sources */,
				698E13142C8021AA00D05F92 /* UXMD_CursoApp.swift in Sources */,
			);
			runOnlyForDeploymentPostprocessing = 0;
		};
		698E131C2C8021AF00D05F92 /* Sources */ = {
			isa = PBXSourcesBuildPhase;
			buildActionMask = 2147483647;
			files = (
				698E13252C8021AF00D05F92 /* UXMD_CursoTests.swift in Sources */,
			);
			runOnlyForDeploymentPostprocessing = 0;
		};
		698E13262C8021AF00D05F92 /* Sources */ = {
			isa = PBXSourcesBuildPhase;
			buildActionMask = 2147483647;
			files = (
				698E132F2C8021AF00D05F92 /* UXMD_CursoUITests.swift in Sources */,
				698E13312C8021AF00D05F92 /* UXMD_CursoUITestsLaunchTests.swift in Sources */,
			);
			runOnlyForDeploymentPostprocessing = 0;
		};
/* End PBXSourcesBuildPhase section */

/* Begin PBXTargetDependency section */
		698E13222C8021AF00D05F92 /* PBXTargetDependency */ = {
			isa = PBXTargetDependency;
			target = 698E130F2C8021AA00D05F92 /* UXMD-Curso */;
			targetProxy = 698E13212C8021AF00D05F92 /* PBXContainerItemProxy */;
		};
		698E132C2C8021AF00D05F92 /* PBXTargetDependency */ = {
			isa = PBXTargetDependency;
			target = 698E130F2C8021AA00D05F92 /* UXMD-Curso */;
			targetProxy = 698E132B2C8021AF00D05F92 /* PBXContainerItemProxy */;
		};
/* End PBXTargetDependency section */

/* Begin XCBuildConfiguration section */
		698E13322C8021AF00D05F92 /* Debug */ = {
			isa = XCBuildConfiguration;
			buildSettings = {
				ALWAYS_SEARCH_USER_PATHS = NO;
				ASSETCATALOG_COMPILER_GENERATE_SWIFT_ASSET_SYMBOL_EXTENSIONS = YES;
				CLANG_ANALYZER_NONNULL = YES;
				CLANG_ANALYZER_NUMBER_OBJECT_CONVERSION = YES_AGGRESSIVE;
				CLANG_CXX_LANGUAGE_STANDARD = "gnu++20";
				CLANG_ENABLE_MODULES = YES;
				CLANG_ENABLE_OBJC_ARC = YES;
				CLANG_ENABLE_OBJC_WEAK = YES;
				CLANG_WARN_BLOCK_CAPTURE_AUTORELEASING = YES;
				CLANG_WARN_BOOL_CONVERSION = YES;
				CLANG_WARN_COMMA = YES;
				CLANG_WARN_CONSTANT_CONVERSION = YES;
				CLANG_WARN_DEPRECATED_OBJC_IMPLEMENTATIONS = YES;
				CLANG_WARN_DIRECT_OBJC_ISA_USAGE = YES_ERROR;
				CLANG_WARN_DOCUMENTATION_COMMENTS = YES;
				CLANG_WARN_EMPTY_BODY = YES;
				CLANG_WARN_ENUM_CONVERSION = YES;
				CLANG_WARN_INFINITE_RECURSION = YES;
				CLANG_WARN_INT_CONVERSION = YES;
				CLANG_WARN_NON_LITERAL_NULL_CONVERSION = YES;
				CLANG_WARN_OBJC_IMPLICIT_RETAIN_SELF = YES;
				CLANG_WARN_OBJC_LITERAL_CONVERSION = YES;
				CLANG_WARN_OBJC_ROOT_CLASS = YES_ERROR;
				CLANG_WARN_QUOTED_INCLUDE_IN_FRAMEWORK_HEADER = YES;
				CLANG_WARN_RANGE_LOOP_ANALYSIS = YES;
				CLANG_WARN_STRICT_PROTOTYPES = YES;
				CLANG_WARN_SUSPICIOUS_MOVE = YES;
				CLANG_WARN_UNGUARDED_AVAILABILITY = YES_AGGRESSIVE;
				CLANG_WARN_UNREACHABLE_CODE = YES;
				CLANG_WARN__DUPLICATE_METHOD_MATCH = YES;
				COPY_PHASE_STRIP = NO;
				DEBUG_INFORMATION_FORMAT = dwarf;
				ENABLE_STRICT_OBJC_MSGSEND = YES;
				ENABLE_TESTABILITY = YES;
				ENABLE_USER_SCRIPT_SANDBOXING = YES;
				GCC_C_LANGUAGE_STANDARD = gnu17;
				GCC_DYNAMIC_NO_PIC = NO;
				GCC_NO_COMMON_BLOCKS = YES;
				GCC_OPTIMIZATION_LEVEL = 0;
				GCC_PREPROCESSOR_DEFINITIONS = (
					"DEBUG=1",
					"$(inherited)",
				);
				GCC_WARN_64_TO_32_BIT_CONVERSION = YES;
				GCC_WARN_ABOUT_RETURN_TYPE = YES_ERROR;
				GCC_WARN_UNDECLARED_SELECTOR = YES;
				GCC_WARN_UNINITIALIZED_AUTOS = YES_AGGRESSIVE;
				GCC_WARN_UNUSED_FUNCTION = YES;
				GCC_WARN_UNUSED_VARIABLE = YES;
				IPHONEOS_DEPLOYMENT_TARGET = 17.5;
				LOCALIZATION_PREFERS_STRING_CATALOGS = YES;
				MTL_ENABLE_DEBUG_INFO = INCLUDE_SOURCE;
				MTL_FAST_MATH = YES;
				ONLY_ACTIVE_ARCH = YES;
				SDKROOT = iphoneos;
				SWIFT_ACTIVE_COMPILATION_CONDITIONS = "DEBUG $(inherited)";
				SWIFT_OPTIMIZATION_LEVEL = "-Onone";
			};
			name = Debug;
		};
		698E13332C8021AF00D05F92 /* Release */ = {
			isa = XCBuildConfiguration;
			buildSettings = {
				ALWAYS_SEARCH_USER_PATHS = NO;
				ASSETCATALOG_COMPILER_GENERATE_SWIFT_ASSET_SYMBOL_EXTENSIONS = YES;
				CLANG_ANALYZER_NONNULL = YES;
				CLANG_ANALYZER_NUMBER_OBJECT_CONVERSION = YES_AGGRESSIVE;
				CLANG_CXX_LANGUAGE_STANDARD = "gnu++20";
				CLANG_ENABLE_MODULES = YES;
				CLANG_ENABLE_OBJC_ARC = YES;
				CLANG_ENABLE_OBJC_WEAK = YES;
				CLANG_WARN_BLOCK_CAPTURE_AUTORELEASING = YES;
				CLANG_WARN_BOOL_CONVERSION = YES;
				CLANG_WARN_COMMA = YES;
				CLANG_WARN_CONSTANT_CONVERSION = YES;
				CLANG_WARN_DEPRECATED_OBJC_IMPLEMENTATIONS = YES;
				CLANG_WARN_DIRECT_OBJC_ISA_USAGE = YES_ERROR;
				CLANG_WARN_DOCUMENTATION_COMMENTS = YES;
				CLANG_WARN_EMPTY_BODY = YES;
				CLANG_WARN_ENUM_CONVERSION = YES;
				CLANG_WARN_INFINITE_RECURSION = YES;
				CLANG_WARN_INT_CONVERSION = YES;
				CLANG_WARN_NON_LITERAL_NULL_CONVERSION = YES;
				CLANG_WARN_OBJC_IMPLICIT_RETAIN_SELF = YES;
				CLANG_WARN_OBJC_LITERAL_CONVERSION = YES;
				CLANG_WARN_OBJC_ROOT_CLASS = YES_ERROR;
				CLANG_WARN_QUOTED_INCLUDE_IN_FRAMEWORK_HEADER = YES;
				CLANG_WARN_RANGE_LOOP_ANALYSIS = YES;
				CLANG_WARN_STRICT_PROTOTYPES = YES;
				CLANG_WARN_SUSPICIOUS_MOVE = YES;
				CLANG_WARN_UNGUARDED_AVAILABILITY = YES_AGGRESSIVE;
				CLANG_WARN_UNREACHABLE_CODE = YES;
				CLANG_WARN__DUPLICATE_METHOD_MATCH = YES;
				COPY_PHASE_STRIP = NO;
				DEBUG_INFORMATION_FORMAT = "dwarf-with-dsym";
				ENABLE_NS_ASSERTIONS = NO;
				ENABLE_STRICT_OBJC_MSGSEND = YES;
				ENABLE_USER_SCRIPT_SANDBOXING = YES;
				GCC_C_LANGUAGE_STANDARD = gnu17;
				GCC_NO_COMMON_BLOCKS = YES;
				GCC_WARN_64_TO_32_BIT_CONVERSION = YES;
				GCC_WARN_ABOUT_RETURN_TYPE = YES_ERROR;
				GCC_WARN_UNDECLARED_SELECTOR = YES;
				GCC_WARN_UNINITIALIZED_AUTOS = YES_AGGRESSIVE;
				GCC_WARN_UNUSED_FUNCTION = YES;
				GCC_WARN_UNUSED_VARIABLE = YES;
				IPHONEOS_DEPLOYMENT_TARGET = 17.5;
				LOCALIZATION_PREFERS_STRING_CATALOGS = YES;
				MTL_ENABLE_DEBUG_INFO = NO;
				MTL_FAST_MATH = YES;
				SDKROOT = iphoneos;
				SWIFT_COMPILATION_MODE = wholemodule;
				VALIDATE_PRODUCT = YES;
			};
			name = Release;
		};
		698E13352C8021AF00D05F92 /* Debug */ = {
			isa = XCBuildConfiguration;
			buildSettings = {
				ASSETCATALOG_COMPILER_APPICON_NAME = AppIcon;
				ASSETCATALOG_COMPILER_GLOBAL_ACCENT_COLOR_NAME = AccentColor;
				CODE_SIGN_STYLE = Automatic;
				CURRENT_PROJECT_VERSION = 1;
				DEVELOPMENT_ASSET_PATHS = "\"UXMD-Curso/Preview Content\"";
				ENABLE_PREVIEWS = YES;
				GENERATE_INFOPLIST_FILE = YES;
				INFOPLIST_KEY_UIApplicationSceneManifest_Generation = YES;
				INFOPLIST_KEY_UIApplicationSupportsIndirectInputEvents = YES;
				INFOPLIST_KEY_UILaunchScreen_Generation = YES;
				INFOPLIST_KEY_UISupportedInterfaceOrientations_iPad = "UIInterfaceOrientationPortrait UIInterfaceOrientationPortraitUpsideDown UIInterfaceOrientationLandscapeLeft UIInterfaceOrientationLandscapeRight";
				INFOPLIST_KEY_UISupportedInterfaceOrientations_iPhone = "UIInterfaceOrientationPortrait UIInterfaceOrientationLandscapeLeft UIInterfaceOrientationLandscapeRight";
				LD_RUNPATH_SEARCH_PATHS = (
					"$(inherited)",
					"@executable_path/Frameworks",
				);
				MARKETING_VERSION = 1.0;
				PRODUCT_BUNDLE_IDENTIFIER = "com.murilogteixeira.UXMD-Curso";
				PRODUCT_NAME = "$(TARGET_NAME)";
				SWIFT_EMIT_LOC_STRINGS = YES;
				SWIFT_VERSION = 5.0;
				TARGETED_DEVICE_FAMILY = "1,2";
			};
			name = Debug;
		};
		698E13362C8021AF00D05F92 /* Release */ = {
			isa = XCBuildConfiguration;
			buildSettings = {
				ASSETCATALOG_COMPILER_APPICON_NAME = AppIcon;
				ASSETCATALOG_COMPILER_GLOBAL_ACCENT_COLOR_NAME = AccentColor;
				CODE_SIGN_STYLE = Automatic;
				CURRENT_PROJECT_VERSION = 1;
				DEVELOPMENT_ASSET_PATHS = "\"UXMD-Curso/Preview Content\"";
				ENABLE_PREVIEWS = YES;
				GENERATE_INFOPLIST_FILE = YES;
				INFOPLIST_KEY_UIApplicationSceneManifest_Generation = YES;
				INFOPLIST_KEY_UIApplicationSupportsIndirectInputEvents = YES;
				INFOPLIST_KEY_UILaunchScreen_Generation = YES;
				INFOPLIST_KEY_UISupportedInterfaceOrientations_iPad = "UIInterfaceOrientationPortrait UIInterfaceOrientationPortraitUpsideDown UIInterfaceOrientationLandscapeLeft UIInterfaceOrientationLandscapeRight";
				INFOPLIST_KEY_UISupportedInterfaceOrientations_iPhone = "UIInterfaceOrientationPortrait UIInterfaceOrientationLandscapeLeft UIInterfaceOrientationLandscapeRight";
				LD_RUNPATH_SEARCH_PATHS = (
					"$(inherited)",
					"@executable_path/Frameworks",
				);
				MARKETING_VERSION = 1.0;
				PRODUCT_BUNDLE_IDENTIFIER = "com.murilogteixeira.UXMD-Curso";
				PRODUCT_NAME = "$(TARGET_NAME)";
				SWIFT_EMIT_LOC_STRINGS = YES;
				SWIFT_VERSION = 5.0;
				TARGETED_DEVICE_FAMILY = "1,2";
			};
			name = Release;
		};
		698E13382C8021AF00D05F92 /* Debug */ = {
			isa = XCBuildConfiguration;
			buildSettings = {
				ALWAYS_EMBED_SWIFT_STANDARD_LIBRARIES = YES;
				BUNDLE_LOADER = "$(TEST_HOST)";
				CODE_SIGN_STYLE = Automatic;
				CURRENT_PROJECT_VERSION = 1;
				GENERATE_INFOPLIST_FILE = YES;
				IPHONEOS_DEPLOYMENT_TARGET = 17.5;
				MARKETING_VERSION = 1.0;
				PRODUCT_BUNDLE_IDENTIFIER = "com.murilogteixeira.UXMD-CursoTests";
				PRODUCT_NAME = "$(TARGET_NAME)";
				SWIFT_EMIT_LOC_STRINGS = NO;
				SWIFT_VERSION = 5.0;
				TARGETED_DEVICE_FAMILY = "1,2";
				TEST_HOST = "$(BUILT_PRODUCTS_DIR)/UXMD-Curso.app/$(BUNDLE_EXECUTABLE_FOLDER_PATH)/UXMD-Curso";
			};
			name = Debug;
		};
		698E13392C8021AF00D05F92 /* Release */ = {
			isa = XCBuildConfiguration;
			buildSettings = {
				ALWAYS_EMBED_SWIFT_STANDARD_LIBRARIES = YES;
				BUNDLE_LOADER = "$(TEST_HOST)";
				CODE_SIGN_STYLE = Automatic;
				CURRENT_PROJECT_VERSION = 1;
				GENERATE_INFOPLIST_FILE = YES;
				IPHONEOS_DEPLOYMENT_TARGET = 17.5;
				MARKETING_VERSION = 1.0;
				PRODUCT_BUNDLE_IDENTIFIER = "com.murilogteixeira.UXMD-CursoTests";
				PRODUCT_NAME = "$(TARGET_NAME)";
				SWIFT_EMIT_LOC_STRINGS = NO;
				SWIFT_VERSION = 5.0;
				TARGETED_DEVICE_FAMILY = "1,2";
				TEST_HOST = "$(BUILT_PRODUCTS_DIR)/UXMD-Curso.app/$(BUNDLE_EXECUTABLE_FOLDER_PATH)/UXMD-Curso";
			};
			name = Release;
		};
		698E133B2C8021AF00D05F92 /* Debug */ = {
			isa = XCBuildConfiguration;
			buildSettings = {
				ALWAYS_EMBED_SWIFT_STANDARD_LIBRARIES = YES;
				CODE_SIGN_STYLE = Automatic;
				CURRENT_PROJECT_VERSION = 1;
				GENERATE_INFOPLIST_FILE = YES;
				MARKETING_VERSION = 1.0;
				PRODUCT_BUNDLE_IDENTIFIER = "com.murilogteixeira.UXMD-CursoUITests";
				PRODUCT_NAME = "$(TARGET_NAME)";
				SWIFT_EMIT_LOC_STRINGS = NO;
				SWIFT_VERSION = 5.0;
				TARGETED_DEVICE_FAMILY = "1,2";
				TEST_TARGET_NAME = "UXMD-Curso";
			};
			name = Debug;
		};
		698E133C2C8021AF00D05F92 /* Release */ = {
			isa = XCBuildConfiguration;
			buildSettings = {
				ALWAYS_EMBED_SWIFT_STANDARD_LIBRARIES = YES;
				CODE_SIGN_STYLE = Automatic;
				CURRENT_PROJECT_VERSION = 1;
				GENERATE_INFOPLIST_FILE = YES;
				MARKETING_VERSION = 1.0;
				PRODUCT_BUNDLE_IDENTIFIER = "com.murilogteixeira.UXMD-CursoUITests";
				PRODUCT_NAME = "$(TARGET_NAME)";
				SWIFT_EMIT_LOC_STRINGS = NO;
				SWIFT_VERSION = 5.0;
				TARGETED_DEVICE_FAMILY = "1,2";
				TEST_TARGET_NAME = "UXMD-Curso";
			};
			name = Release;
		};
/* End XCBuildConfiguration section */

/* Begin XCConfigurationList section */
		698E130B2C8021AA00D05F92 /* Build configuration list for PBXProject "UXMD-Curso" */ = {
			isa = XCConfigurationList;
			buildConfigurations = (
				698E13322C8021AF00D05F92 /* Debug */,
				698E13332C8021AF00D05F92 /* Release */,
			);
			defaultConfigurationIsVisible = 0;
			defaultConfigurationName = Release;
		};
		698E13342C8021AF00D05F92 /* Build configuration list for PBXNativeTarget "UXMD-Curso" */ = {
			isa = XCConfigurationList;
			buildConfigurations = (
				698E13352C8021AF00D05F92 /* Debug */,
				698E13362C8021AF00D05F92 /* Release */,
			);
			defaultConfigurationIsVisible = 0;
			defaultConfigurationName = Release;
		};
		698E13372C8021AF00D05F92 /* Build configuration list for PBXNativeTarget "UXMD-CursoTests" */ = {
			isa = XCConfigurationList;
			buildConfigurations = (
				698E13382C8021AF00D05F92 /* Debug */,
				698E13392C8021AF00D05F92 /* Release */,
			);
			defaultConfigurationIsVisible = 0;
			defaultConfigurationName = Release;
		};
		698E133A2C8021AF00D05F92 /* Build configuration list for PBXNativeTarget "UXMD-CursoUITests" */ = {
			isa = XCConfigurationList;
			buildConfigurations = (
				698E133B2C8021AF00D05F92 /* Debug */,
				698E133C2C8021AF00D05F92 /* Release */,
			);
			defaultConfigurationIsVisible = 0;
			defaultConfigurationName = Release;
		};
/* End XCConfigurationList section */

/* Begin XCRemoteSwiftPackageReference section */
		698E13512C83762200D05F92 /* XCRemoteSwiftPackageReference "lottie-ios" */ = {
			isa = XCRemoteSwiftPackageReference;
			repositoryURL = "https://github.com/airbnb/lottie-ios";
			requirement = {
				kind = upToNextMajorVersion;
				minimumVersion = 4.5.0;
			};
		};
/* End XCRemoteSwiftPackageReference section */

/* Begin XCSwiftPackageProductDependency section */
		698E13522C83762200D05F92 /* Lottie */ = {
			isa = XCSwiftPackageProductDependency;
			package = 698E13512C83762200D05F92 /* XCRemoteSwiftPackageReference "lottie-ios" */;
			productName = Lottie;
		};
/* End XCSwiftPackageProductDependency section */
	};
	rootObject = 698E13082C8021AA00D05F92 /* Project object */;
}
